// !$*UTF8*$!
{
	archiveVersion = 1;
	classes = {
	};
	objectVersion = 56;
	objects = {

/* Begin PBXBuildFile section */
		8F05AD352C5D31C6006F8B97 /* AppDelegate.swift in Sources */ = {isa = PBXBuildFile; fileRef = 8F05AD342C5D31C6006F8B97 /* AppDelegate.swift */; };
		8F05AD372C5D31C6006F8B97 /* SceneDelegate.swift in Sources */ = {isa = PBXBuildFile; fileRef = 8F05AD362C5D31C6006F8B97 /* SceneDelegate.swift */; };
		8F05AD392C5D31C6006F8B97 /* MainTabBarViewController.swift in Sources */ = {isa = PBXBuildFile; fileRef = 8F05AD382C5D31C6006F8B97 /* MainTabBarViewController.swift */; };
		8F05AD3E2C5D31C7006F8B97 /* Assets.xcassets in Resources */ = {isa = PBXBuildFile; fileRef = 8F05AD3D2C5D31C7006F8B97 /* Assets.xcassets */; };
		8F05AD412C5D31C7006F8B97 /* Base in Resources */ = {isa = PBXBuildFile; fileRef = 8F05AD402C5D31C7006F8B97 /* Base */; };
		8F05AD4A2C5D342B006F8B97 /* HomeViewController.swift in Sources */ = {isa = PBXBuildFile; fileRef = 8F05AD492C5D342B006F8B97 /* HomeViewController.swift */; };
		8F05AD4C2C5D3432006F8B97 /* UpcomingViewController.swift in Sources */ = {isa = PBXBuildFile; fileRef = 8F05AD4B2C5D3432006F8B97 /* UpcomingViewController.swift */; };
		8F05AD4E2C5D343A006F8B97 /* SearchViewController.swift in Sources */ = {isa = PBXBuildFile; fileRef = 8F05AD4D2C5D343A006F8B97 /* SearchViewController.swift */; };
		8F05AD502C5D3442006F8B97 /* DownloadViewController.swift in Sources */ = {isa = PBXBuildFile; fileRef = 8F05AD4F2C5D3442006F8B97 /* DownloadViewController.swift */; };
		8F0760F52C5F38A20088C3EF /* CellViewController.swift in Sources */ = {isa = PBXBuildFile; fileRef = 8F0760F42C5F38A20088C3EF /* CellViewController.swift */; };
		8F0760F82C5F39CA0088C3EF /* SnapKit in Frameworks */ = {isa = PBXBuildFile; productRef = 8F0760F72C5F39CA0088C3EF /* SnapKit */; };
/* End PBXBuildFile section */

/* Begin PBXFileReference section */
		8F05AD312C5D31C6006F8B97 /* Netflix Clone.app */ = {isa = PBXFileReference; explicitFileType = wrapper.application; includeInIndex = 0; path = "Netflix Clone.app"; sourceTree = BUILT_PRODUCTS_DIR; };
		8F05AD342C5D31C6006F8B97 /* AppDelegate.swift */ = {isa = PBXFileReference; lastKnownFileType = sourcecode.swift; path = AppDelegate.swift; sourceTree = "<group>"; };
		8F05AD362C5D31C6006F8B97 /* SceneDelegate.swift */ = {isa = PBXFileReference; lastKnownFileType = sourcecode.swift; path = SceneDelegate.swift; sourceTree = "<group>"; };
		8F05AD382C5D31C6006F8B97 /* MainTabBarViewController.swift */ = {isa = PBXFileReference; lastKnownFileType = sourcecode.swift; path = MainTabBarViewController.swift; sourceTree = "<group>"; };
		8F05AD3D2C5D31C7006F8B97 /* Assets.xcassets */ = {isa = PBXFileReference; lastKnownFileType = folder.assetcatalog; path = Assets.xcassets; sourceTree = "<group>"; };
		8F05AD402C5D31C7006F8B97 /* Base */ = {isa = PBXFileReference; lastKnownFileType = file.storyboard; name = Base; path = Base.lproj/LaunchScreen.storyboard; sourceTree = "<group>"; };
		8F05AD422C5D31C7006F8B97 /* Info.plist */ = {isa = PBXFileReference; lastKnownFileType = text.plist.xml; path = Info.plist; sourceTree = "<group>"; };
		8F05AD492C5D342B006F8B97 /* HomeViewController.swift */ = {isa = PBXFileReference; lastKnownFileType = sourcecode.swift; path = HomeViewController.swift; sourceTree = "<group>"; };
		8F05AD4B2C5D3432006F8B97 /* UpcomingViewController.swift */ = {isa = PBXFileReference; lastKnownFileType = sourcecode.swift; path = UpcomingViewController.swift; sourceTree = "<group>"; };
		8F05AD4D2C5D343A006F8B97 /* SearchViewController.swift */ = {isa = PBXFileReference; lastKnownFileType = sourcecode.swift; path = SearchViewController.swift; sourceTree = "<group>"; };
		8F05AD4F2C5D3442006F8B97 /* DownloadViewController.swift */ = {isa = PBXFileReference; lastKnownFileType = sourcecode.swift; path = DownloadViewController.swift; sourceTree = "<group>"; };
		8F0760F42C5F38A20088C3EF /* CellViewController.swift */ = {isa = PBXFileReference; lastKnownFileType = sourcecode.swift; path = CellViewController.swift; sourceTree = "<group>"; };
/* End PBXFileReference section */

/* Begin PBXFrameworksBuildPhase section */
		8F05AD2E2C5D31C6006F8B97 /* Frameworks */ = {
			isa = PBXFrameworksBuildPhase;
			buildActionMask = 2147483647;
			files = (
				8F0760F82C5F39CA0088C3EF /* SnapKit in Frameworks */,
			);
			runOnlyForDeploymentPostprocessing = 0;
		};
/* End PBXFrameworksBuildPhase section */

/* Begin PBXGroup section */
		8F05AD282C5D31C6006F8B97 = {
			isa = PBXGroup;
			children = (
				8F05AD332C5D31C6006F8B97 /* Netflix Clone */,
				8F05AD322C5D31C6006F8B97 /* Products */,
			);
			sourceTree = "<group>";
		};
		8F05AD322C5D31C6006F8B97 /* Products */ = {
			isa = PBXGroup;
			children = (
				8F05AD312C5D31C6006F8B97 /* Netflix Clone.app */,
			);
			name = Products;
			sourceTree = "<group>";
		};
		8F05AD332C5D31C6006F8B97 /* Netflix Clone */ = {
			isa = PBXGroup;
			children = (
				8F05AD482C5D340B006F8B97 /* Controllers */,
				8F05AD342C5D31C6006F8B97 /* AppDelegate.swift */,
				8F05AD362C5D31C6006F8B97 /* SceneDelegate.swift */,
				8F05AD382C5D31C6006F8B97 /* MainTabBarViewController.swift */,
				8F05AD3D2C5D31C7006F8B97 /* Assets.xcassets */,
				8F05AD3F2C5D31C7006F8B97 /* LaunchScreen.storyboard */,
				8F05AD422C5D31C7006F8B97 /* Info.plist */,
			);
			path = "Netflix Clone";
			sourceTree = "<group>";
		};
		8F05AD482C5D340B006F8B97 /* Controllers */ = {
			isa = PBXGroup;
			children = (
				8F05AD492C5D342B006F8B97 /* HomeViewController.swift */,
				8F0760F42C5F38A20088C3EF /* CellViewController.swift */,
				8F05AD4B2C5D3432006F8B97 /* UpcomingViewController.swift */,
				8F05AD4D2C5D343A006F8B97 /* SearchViewController.swift */,
				8F05AD4F2C5D3442006F8B97 /* DownloadViewController.swift */,
			);
			path = Controllers;
			sourceTree = "<group>";
		};
/* End PBXGroup section */

/* Begin PBXNativeTarget section */
		8F05AD302C5D31C6006F8B97 /* Netflix Clone */ = {
			isa = PBXNativeTarget;
			buildConfigurationList = 8F05AD452C5D31C7006F8B97 /* Build configuration list for PBXNativeTarget "Netflix Clone" */;
			buildPhases = (
				8F05AD2D2C5D31C6006F8B97 /* Sources */,
				8F05AD2E2C5D31C6006F8B97 /* Frameworks */,
				8F05AD2F2C5D31C6006F8B97 /* Resources */,
			);
			buildRules = (
			);
			dependencies = (
			);
			name = "Netflix Clone";
			packageProductDependencies = (
				8F0760F72C5F39CA0088C3EF /* SnapKit */,
			);
			productName = "Netflix Clone";
			productReference = 8F05AD312C5D31C6006F8B97 /* Netflix Clone.app */;
			productType = "com.apple.product-type.application";
		};
/* End PBXNativeTarget section */

/* Begin PBXProject section */
		8F05AD292C5D31C6006F8B97 /* Project object */ = {
			isa = PBXProject;
			attributes = {
				BuildIndependentTargetsInParallel = 1;
				LastSwiftUpdateCheck = 1540;
				LastUpgradeCheck = 1540;
				TargetAttributes = {
					8F05AD302C5D31C6006F8B97 = {
						CreatedOnToolsVersion = 15.4;
					};
				};
			};
			buildConfigurationList = 8F05AD2C2C5D31C6006F8B97 /* Build configuration list for PBXProject "Netflix Clone" */;
			compatibilityVersion = "Xcode 14.0";
			developmentRegion = en;
			hasScannedForEncodings = 0;
			knownRegions = (
				en,
				Base,
			);
			mainGroup = 8F05AD282C5D31C6006F8B97;
			packageReferences = (
				8F0760F62C5F39CA0088C3EF /* XCRemoteSwiftPackageReference "SnapKit" */,
			);
			productRefGroup = 8F05AD322C5D31C6006F8B97 /* Products */;
			projectDirPath = "";
			projectRoot = "";
			targets = (
				8F05AD302C5D31C6006F8B97 /* Netflix Clone */,
			);
		};
/* End PBXProject section */

/* Begin PBXResourcesBuildPhase section */
		8F05AD2F2C5D31C6006F8B97 /* Resources */ = {
			isa = PBXResourcesBuildPhase;
			buildActionMask = 2147483647;
			files = (
				8F05AD3E2C5D31C7006F8B97 /* Assets.xcassets in Resources */,
				8F05AD412C5D31C7006F8B97 /* Base in Resources */,
			);
			runOnlyForDeploymentPostprocessing = 0;
		};
/* End PBXResourcesBuildPhase section */

/* Begin PBXSourcesBuildPhase section */
		8F05AD2D2C5D31C6006F8B97 /* Sources */ = {
			isa = PBXSourcesBuildPhase;
			buildActionMask = 2147483647;
			files = (
				8F05AD4E2C5D343A006F8B97 /* SearchViewController.swift in Sources */,
				8F05AD392C5D31C6006F8B97 /* MainTabBarViewController.swift in Sources */,
				8F0760F52C5F38A20088C3EF /* CellViewController.swift in Sources */,
				8F05AD352C5D31C6006F8B97 /* AppDelegate.swift in Sources */,
				8F05AD502C5D3442006F8B97 /* DownloadViewController.swift in Sources */,
				8F05AD372C5D31C6006F8B97 /* SceneDelegate.swift in Sources */,
				8F05AD4C2C5D3432006F8B97 /* UpcomingViewController.swift in Sources */,
				8F05AD4A2C5D342B006F8B97 /* HomeViewController.swift in Sources */,
			);
			runOnlyForDeploymentPostprocessing = 0;
		};
/* End PBXSourcesBuildPhase section */

/* Begin PBXVariantGroup section */
		8F05AD3F2C5D31C7006F8B97 /* LaunchScreen.storyboard */ = {
			isa = PBXVariantGroup;
			children = (
				8F05AD402C5D31C7006F8B97 /* Base */,
			);
			name = LaunchScreen.storyboard;
			sourceTree = "<group>";
		};
/* End PBXVariantGroup section */

/* Begin XCBuildConfiguration section */
		8F05AD432C5D31C7006F8B97 /* Debug */ = {
			isa = XCBuildConfiguration;
			buildSettings = {
				ALWAYS_SEARCH_USER_PATHS = NO;
				ASSETCATALOG_COMPILER_GENERATE_SWIFT_ASSET_SYMBOL_EXTENSIONS = YES;
				CLANG_ANALYZER_NONNULL = YES;
				CLANG_ANALYZER_NUMBER_OBJECT_CONVERSION = YES_AGGRESSIVE;
				CLANG_CXX_LANGUAGE_STANDARD = "gnu++20";
				CLANG_ENABLE_MODULES = YES;
				CLANG_ENABLE_OBJC_ARC = YES;
				CLANG_ENABLE_OBJC_WEAK = YES;
				CLANG_WARN_BLOCK_CAPTURE_AUTORELEASING = YES;
				CLANG_WARN_BOOL_CONVERSION = YES;
				CLANG_WARN_COMMA = YES;
				CLANG_WARN_CONSTANT_CONVERSION = YES;
				CLANG_WARN_DEPRECATED_OBJC_IMPLEMENTATIONS = YES;
				CLANG_WARN_DIRECT_OBJC_ISA_USAGE = YES_ERROR;
				CLANG_WARN_DOCUMENTATION_COMMENTS = YES;
				CLANG_WARN_EMPTY_BODY = YES;
				CLANG_WARN_ENUM_CONVERSION = YES;
				CLANG_WARN_INFINITE_RECURSION = YES;
				CLANG_WARN_INT_CONVERSION = YES;
				CLANG_WARN_NON_LITERAL_NULL_CONVERSION = YES;
				CLANG_WARN_OBJC_IMPLICIT_RETAIN_SELF = YES;
				CLANG_WARN_OBJC_LITERAL_CONVERSION = YES;
				CLANG_WARN_OBJC_ROOT_CLASS = YES_ERROR;
				CLANG_WARN_QUOTED_INCLUDE_IN_FRAMEWORK_HEADER = YES;
				CLANG_WARN_RANGE_LOOP_ANALYSIS = YES;
				CLANG_WARN_STRICT_PROTOTYPES = YES;
				CLANG_WARN_SUSPICIOUS_MOVE = YES;
				CLANG_WARN_UNGUARDED_AVAILABILITY = YES_AGGRESSIVE;
				CLANG_WARN_UNREACHABLE_CODE = YES;
				CLANG_WARN__DUPLICATE_METHOD_MATCH = YES;
				COPY_PHASE_STRIP = NO;
				DEBUG_INFORMATION_FORMAT = dwarf;
				ENABLE_STRICT_OBJC_MSGSEND = YES;
				ENABLE_TESTABILITY = YES;
				ENABLE_USER_SCRIPT_SANDBOXING = YES;
				GCC_C_LANGUAGE_STANDARD = gnu17;
				GCC_DYNAMIC_NO_PIC = NO;
				GCC_NO_COMMON_BLOCKS = YES;
				GCC_OPTIMIZATION_LEVEL = 0;
				GCC_PREPROCESSOR_DEFINITIONS = (
					"DEBUG=1",
					"$(inherited)",
				);
				GCC_WARN_64_TO_32_BIT_CONVERSION = YES;
				GCC_WARN_ABOUT_RETURN_TYPE = YES_ERROR;
				GCC_WARN_UNDECLARED_SELECTOR = YES;
				GCC_WARN_UNINITIALIZED_AUTOS = YES_AGGRESSIVE;
				GCC_WARN_UNUSED_FUNCTION = YES;
				GCC_WARN_UNUSED_VARIABLE = YES;
				IPHONEOS_DEPLOYMENT_TARGET = 17.5;
				LOCALIZATION_PREFERS_STRING_CATALOGS = YES;
				MTL_ENABLE_DEBUG_INFO = INCLUDE_SOURCE;
				MTL_FAST_MATH = YES;
				ONLY_ACTIVE_ARCH = YES;
				SDKROOT = iphoneos;
				SWIFT_ACTIVE_COMPILATION_CONDITIONS = "DEBUG $(inherited)";
				SWIFT_OPTIMIZATION_LEVEL = "-Onone";
			};
			name = Debug;
		};
		8F05AD442C5D31C7006F8B97 /* Release */ = {
			isa = XCBuildConfiguration;
			buildSettings = {
				ALWAYS_SEARCH_USER_PATHS = NO;
				ASSETCATALOG_COMPILER_GENERATE_SWIFT_ASSET_SYMBOL_EXTENSIONS = YES;
				CLANG_ANALYZER_NONNULL = YES;
				CLANG_ANALYZER_NUMBER_OBJECT_CONVERSION = YES_AGGRESSIVE;
				CLANG_CXX_LANGUAGE_STANDARD = "gnu++20";
				CLANG_ENABLE_MODULES = YES;
				CLANG_ENABLE_OBJC_ARC = YES;
				CLANG_ENABLE_OBJC_WEAK = YES;
				CLANG_WARN_BLOCK_CAPTURE_AUTORELEASING = YES;
				CLANG_WARN_BOOL_CONVERSION = YES;
				CLANG_WARN_COMMA = YES;
				CLANG_WARN_CONSTANT_CONVERSION = YES;
				CLANG_WARN_DEPRECATED_OBJC_IMPLEMENTATIONS = YES;
				CLANG_WARN_DIRECT_OBJC_ISA_USAGE = YES_ERROR;
				CLANG_WARN_DOCUMENTATION_COMMENTS = YES;
				CLANG_WARN_EMPTY_BODY = YES;
				CLANG_WARN_ENUM_CONVERSION = YES;
				CLANG_WARN_INFINITE_RECURSION = YES;
				CLANG_WARN_INT_CONVERSION = YES;
				CLANG_WARN_NON_LITERAL_NULL_CONVERSION = YES;
				CLANG_WARN_OBJC_IMPLICIT_RETAIN_SELF = YES;
				CLANG_WARN_OBJC_LITERAL_CONVERSION = YES;
				CLANG_WARN_OBJC_ROOT_CLASS = YES_ERROR;
				CLANG_WARN_QUOTED_INCLUDE_IN_FRAMEWORK_HEADER = YES;
				CLANG_WARN_RANGE_LOOP_ANALYSIS = YES;
				CLANG_WARN_STRICT_PROTOTYPES = YES;
				CLANG_WARN_SUSPICIOUS_MOVE = YES;
				CLANG_WARN_UNGUARDED_AVAILABILITY = YES_AGGRESSIVE;
				CLANG_WARN_UNREACHABLE_CODE = YES;
				CLANG_WARN__DUPLICATE_METHOD_MATCH = YES;
				COPY_PHASE_STRIP = NO;
				DEBUG_INFORMATION_FORMAT = "dwarf-with-dsym";
				ENABLE_NS_ASSERTIONS = NO;
				ENABLE_STRICT_OBJC_MSGSEND = YES;
				ENABLE_USER_SCRIPT_SANDBOXING = YES;
				GCC_C_LANGUAGE_STANDARD = gnu17;
				GCC_NO_COMMON_BLOCKS = YES;
				GCC_WARN_64_TO_32_BIT_CONVERSION = YES;
				GCC_WARN_ABOUT_RETURN_TYPE = YES_ERROR;
				GCC_WARN_UNDECLARED_SELECTOR = YES;
				GCC_WARN_UNINITIALIZED_AUTOS = YES_AGGRESSIVE;
				GCC_WARN_UNUSED_FUNCTION = YES;
				GCC_WARN_UNUSED_VARIABLE = YES;
				IPHONEOS_DEPLOYMENT_TARGET = 17.5;
				LOCALIZATION_PREFERS_STRING_CATALOGS = YES;
				MTL_ENABLE_DEBUG_INFO = NO;
				MTL_FAST_MATH = YES;
				SDKROOT = iphoneos;
				SWIFT_COMPILATION_MODE = wholemodule;
				VALIDATE_PRODUCT = YES;
			};
			name = Release;
		};
		8F05AD462C5D31C7006F8B97 /* Debug */ = {
			isa = XCBuildConfiguration;
			buildSettings = {
				ASSETCATALOG_COMPILER_APPICON_NAME = AppIcon;
				ASSETCATALOG_COMPILER_GLOBAL_ACCENT_COLOR_NAME = AccentColor;
				CODE_SIGN_STYLE = Automatic;
				CURRENT_PROJECT_VERSION = 1;
				DEVELOPMENT_TEAM = 6MW8JPB2BG;
				GENERATE_INFOPLIST_FILE = YES;
				INFOPLIST_FILE = "Netflix Clone/Info.plist";
				INFOPLIST_KEY_UIApplicationSupportsIndirectInputEvents = YES;
				INFOPLIST_KEY_UILaunchStoryboardName = LaunchScreen;
				INFOPLIST_KEY_UISupportedInterfaceOrientations_iPad = "UIInterfaceOrientationPortrait UIInterfaceOrientationPortraitUpsideDown UIInterfaceOrientationLandscapeLeft UIInterfaceOrientationLandscapeRight";
				INFOPLIST_KEY_UISupportedInterfaceOrientations_iPhone = "UIInterfaceOrientationPortrait UIInterfaceOrientationLandscapeLeft UIInterfaceOrientationLandscapeRight";
				LD_RUNPATH_SEARCH_PATHS = (
					"$(inherited)",
					"@executable_path/Frameworks",
				);
				MARKETING_VERSION = 1.0;
				PRODUCT_BUNDLE_IDENTIFIER = "Stanford-University.Netflix-Clone";
				PRODUCT_NAME = "$(TARGET_NAME)";
				SWIFT_EMIT_LOC_STRINGS = YES;
				SWIFT_VERSION = 5.0;
				TARGETED_DEVICE_FAMILY = "1,2";
			};
			name = Debug;
		};
		8F05AD472C5D31C7006F8B97 /* Release */ = {
			isa = XCBuildConfiguration;
			buildSettings = {
				ASSETCATALOG_COMPILER_APPICON_NAME = AppIcon;
				ASSETCATALOG_COMPILER_GLOBAL_ACCENT_COLOR_NAME = AccentColor;
				CODE_SIGN_STYLE = Automatic;
				CURRENT_PROJECT_VERSION = 1;
				DEVELOPMENT_TEAM = 6MW8JPB2BG;
				GENERATE_INFOPLIST_FILE = YES;
				INFOPLIST_FILE = "Netflix Clone/Info.plist";
				INFOPLIST_KEY_UIApplicationSupportsIndirectInputEvents = YES;
				INFOPLIST_KEY_UILaunchStoryboardName = LaunchScreen;
				INFOPLIST_KEY_UISupportedInterfaceOrientations_iPad = "UIInterfaceOrientationPortrait UIInterfaceOrientationPortraitUpsideDown UIInterfaceOrientationLandscapeLeft UIInterfaceOrientationLandscapeRight";
				INFOPLIST_KEY_UISupportedInterfaceOrientations_iPhone = "UIInterfaceOrientationPortrait UIInterfaceOrientationLandscapeLeft UIInterfaceOrientationLandscapeRight";
				LD_RUNPATH_SEARCH_PATHS = (
					"$(inherited)",
					"@executable_path/Frameworks",
				);
				MARKETING_VERSION = 1.0;
				PRODUCT_BUNDLE_IDENTIFIER = "Stanford-University.Netflix-Clone";
				PRODUCT_NAME = "$(TARGET_NAME)";
				SWIFT_EMIT_LOC_STRINGS = YES;
				SWIFT_VERSION = 5.0;
				TARGETED_DEVICE_FAMILY = "1,2";
			};
			name = Release;
		};
/* End XCBuildConfiguration section */

/* Begin XCConfigurationList section */
		8F05AD2C2C5D31C6006F8B97 /* Build configuration list for PBXProject "Netflix Clone" */ = {
			isa = XCConfigurationList;
			buildConfigurations = (
				8F05AD432C5D31C7006F8B97 /* Debug */,
				8F05AD442C5D31C7006F8B97 /* Release */,
			);
			defaultConfigurationIsVisible = 0;
			defaultConfigurationName = Release;
		};
		8F05AD452C5D31C7006F8B97 /* Build configuration list for PBXNativeTarget "Netflix Clone" */ = {
			isa = XCConfigurationList;
			buildConfigurations = (
				8F05AD462C5D31C7006F8B97 /* Debug */,
				8F05AD472C5D31C7006F8B97 /* Release */,
			);
			defaultConfigurationIsVisible = 0;
			defaultConfigurationName = Release;
		};
/* End XCConfigurationList section */

/* Begin XCRemoteSwiftPackageReference section */
		8F0760F62C5F39CA0088C3EF /* XCRemoteSwiftPackageReference "SnapKit" */ = {
			isa = XCRemoteSwiftPackageReference;
			repositoryURL = "https://github.com/SnapKit/SnapKit.git";
			requirement = {
				kind = upToNextMajorVersion;
				minimumVersion = 5.0.1;
			};
		};
/* End XCRemoteSwiftPackageReference section */

/* Begin XCSwiftPackageProductDependency section */
		8F0760F72C5F39CA0088C3EF /* SnapKit */ = {
			isa = XCSwiftPackageProductDependency;
			package = 8F0760F62C5F39CA0088C3EF /* XCRemoteSwiftPackageReference "SnapKit" */;
			productName = SnapKit;
		};
/* End XCSwiftPackageProductDependency section */
	};
	rootObject = 8F05AD292C5D31C6006F8B97 /* Project object */;
}
